PODS:
  - Flutter (1.0.0)
  - flutter_sms_inbox (0.0.1):
    - Flutter
  - shared_preferences_ios (0.0.1):
    - Flutter
  - telephony (0.0.1):
    - Flutter
  - ussd_advanced (0.0.1):
    - Flutter

DEPENDENCIES:
  - Flutter (from `Flutter`)
  - flutter_sms_inbox (from `.symlinks/plugins/flutter_sms_inbox/ios`)
  - shared_preferences_ios (from `.symlinks/plugins/shared_preferences_ios/ios`)
  - telephony (from `.symlinks/plugins/telephony/ios`)
  - ussd_advanced (from `.symlinks/plugins/ussd_advanced/ios`)

EXTERNAL SOURCES:
  Flutter:
    :path: Flutter
  flutter_sms_inbox:
    :path: ".symlinks/plugins/flutter_sms_inbox/ios"
  shared_preferences_ios:
    :path: ".symlinks/plugins/shared_preferences_ios/ios"
  telephony:
    :path: ".symlinks/plugins/telephony/ios"
  ussd_advanced:
    :path: ".symlinks/plugins/ussd_advanced/ios"

SPEC CHECKSUMS:
  Flutter: f04841e97a9d0b0a8025694d0796dd46242b2854
  flutter_sms_inbox: d7d521a290129267372de0810ad43b7b40912ce7
  shared_preferences_ios: 548a61f8053b9b8a49ac19c1ffbc8b92c50d68ad
  telephony: c41768fae9fb5495781b05a72004106ca33ec777
  ussd_advanced: 7ae2d8ff45f7cf9f4fa62421c683ccfda8d36639

PODFILE CHECKSUM: 7368163408c647b7eb699d0d788ba6718e18fb8d

COCOAPODS: 1.11.3
